// !$*UTF8*$!
{
	archiveVersion = 1;
	classes = {
	};
	objectVersion = 48;
	objects = {

/* Begin PBXBuildFile section */
		6201EF2E1FF37B4500B43171 /* UIView-Frame.swift in Sources */ = {isa = PBXBuildFile; fileRef = 6201EF2D1FF37B4500B43171 /* UIView-Frame.swift */; };
		6201EF311FF3808200B43171 /* const.swift in Sources */ = {isa = PBXBuildFile; fileRef = 6201EF301FF3808200B43171 /* const.swift */; };
		992B325D208251C000C12BE0 /* BaseModel.swift in Sources */ = {isa = PBXBuildFile; fileRef = 992B325C208251C000C12BE0 /* BaseModel.swift */; };
		992B325F208254AD00C12BE0 /* types.plist in Resources */ = {isa = PBXBuildFile; fileRef = 992B325E208254AD00C12BE0 /* types.plist */; };
		992B32612082576F00C12BE0 /* HomeType.swift in Sources */ = {isa = PBXBuildFile; fileRef = 992B32602082576F00C12BE0 /* HomeType.swift */; };
		99456725207A3C8700780C83 /* TTPageView.swift in Sources */ = {isa = PBXBuildFile; fileRef = 99456721207A3C8700780C83 /* TTPageView.swift */; };
		99456726207A3C8700780C83 /* TTContentView.swift in Sources */ = {isa = PBXBuildFile; fileRef = 99456722207A3C8700780C83 /* TTContentView.swift */; };
		99456727207A3C8700780C83 /* TTTitleStyle.swift in Sources */ = {isa = PBXBuildFile; fileRef = 99456723207A3C8700780C83 /* TTTitleStyle.swift */; };
		99456728207A3C8700780C83 /* TTTitleView.swift in Sources */ = {isa = PBXBuildFile; fileRef = 99456724207A3C8700780C83 /* TTTitleView.swift */; };
		994FA56C2081E24400BA698B /* AnchorViewController.swift in Sources */ = {isa = PBXBuildFile; fileRef = 994FA56B2081E24400BA698B /* AnchorViewController.swift */; };
		994FA56E2081E30300BA698B /* TTFlowLayout.swift in Sources */ = {isa = PBXBuildFile; fileRef = 994FA56D2081E30300BA698B /* TTFlowLayout.swift */; };
		9961D1DA2015D05900940CEA /* HomeViewCell.swift in Sources */ = {isa = PBXBuildFile; fileRef = 9961D1D82015D05900940CEA /* HomeViewCell.swift */; };
		9961D1DB2015D05900940CEA /* HomeViewCell.xib in Resources */ = {isa = PBXBuildFile; fileRef = 9961D1D92015D05900940CEA /* HomeViewCell.xib */; };
		99A3000C1FDFBEC500056385 /* AppDelegate.swift in Sources */ = {isa = PBXBuildFile; fileRef = 99A3000B1FDFBEC500056385 /* AppDelegate.swift */; };
		99A3000E1FDFBEC500056385 /* ViewController.swift in Sources */ = {isa = PBXBuildFile; fileRef = 99A3000D1FDFBEC500056385 /* ViewController.swift */; };
		99A300111FDFBEC500056385 /* Main.storyboard in Resources */ = {isa = PBXBuildFile; fileRef = 99A3000F1FDFBEC500056385 /* Main.storyboard */; };
		99A300131FDFBEC500056385 /* Assets.xcassets in Resources */ = {isa = PBXBuildFile; fileRef = 99A300121FDFBEC500056385 /* Assets.xcassets */; };
		99A300161FDFBEC500056385 /* LaunchScreen.storyboard in Resources */ = {isa = PBXBuildFile; fileRef = 99A300141FDFBEC500056385 /* LaunchScreen.storyboard */; };
		99A300291FDFC94700056385 /* Home.storyboard in Resources */ = {isa = PBXBuildFile; fileRef = 99A300281FDFC94700056385 /* Home.storyboard */; };
		99A3002B1FDFC9B900056385 /* Rank.storyboard in Resources */ = {isa = PBXBuildFile; fileRef = 99A3002A1FDFC9B900056385 /* Rank.storyboard */; };
		99A3002D1FDFC9F100056385 /* Discover.storyboard in Resources */ = {isa = PBXBuildFile; fileRef = 99A3002C1FDFC9F100056385 /* Discover.storyboard */; };
		99C9404B1FDFD90E001C9781 /* Mine.storyboard in Resources */ = {isa = PBXBuildFile; fileRef = 99C9404A1FDFD90E001C9781 /* Mine.storyboard */; };
		99C9404E1FDFE3C2001C9781 /* UIColor-Extension.swift in Sources */ = {isa = PBXBuildFile; fileRef = 99C9404D1FDFE3C2001C9781 /* UIColor-Extension.swift */; };
		99C940521FDFE4FE001C9781 /* MainViewController.swift in Sources */ = {isa = PBXBuildFile; fileRef = 99C940501FDFE4FE001C9781 /* MainViewController.swift */; };
		99C940531FDFE4FE001C9781 /* XWTNavigationController.swift in Sources */ = {isa = PBXBuildFile; fileRef = 99C940511FDFE4FE001C9781 /* XWTNavigationController.swift */; };
		99C940551FDFE6E7001C9781 /* HomeViewController.swift in Sources */ = {isa = PBXBuildFile; fileRef = 99C940541FDFE6E7001C9781 /* HomeViewController.swift */; };
/* End PBXBuildFile section */

/* Begin PBXFileReference section */
		6201EF2D1FF37B4500B43171 /* UIView-Frame.swift */ = {isa = PBXFileReference; lastKnownFileType = sourcecode.swift; path = "UIView-Frame.swift"; sourceTree = "<group>"; };
		6201EF301FF3808200B43171 /* const.swift */ = {isa = PBXFileReference; lastKnownFileType = sourcecode.swift; path = const.swift; sourceTree = "<group>"; };
		992B325C208251C000C12BE0 /* BaseModel.swift */ = {isa = PBXFileReference; lastKnownFileType = sourcecode.swift; name = BaseModel.swift; path = LiveTV/Classes/Home/Controllers/BaseModel.swift; sourceTree = SOURCE_ROOT; };
		992B325E208254AD00C12BE0 /* types.plist */ = {isa = PBXFileReference; fileEncoding = 4; lastKnownFileType = text.plist.xml; path = types.plist; sourceTree = "<group>"; };
		992B32602082576F00C12BE0 /* HomeType.swift */ = {isa = PBXFileReference; lastKnownFileType = sourcecode.swift; name = HomeType.swift; path = LiveTV/Classes/Home/Controllers/HomeType.swift; sourceTree = SOURCE_ROOT; };
		99456721207A3C8700780C83 /* TTPageView.swift */ = {isa = PBXFileReference; fileEncoding = 4; lastKnownFileType = sourcecode.swift; path = TTPageView.swift; sourceTree = "<group>"; };
		99456722207A3C8700780C83 /* TTContentView.swift */ = {isa = PBXFileReference; fileEncoding = 4; lastKnownFileType = sourcecode.swift; path = TTContentView.swift; sourceTree = "<group>"; };
		99456723207A3C8700780C83 /* TTTitleStyle.swift */ = {isa = PBXFileReference; fileEncoding = 4; lastKnownFileType = sourcecode.swift; path = TTTitleStyle.swift; sourceTree = "<group>"; };
		99456724207A3C8700780C83 /* TTTitleView.swift */ = {isa = PBXFileReference; fileEncoding = 4; lastKnownFileType = sourcecode.swift; path = TTTitleView.swift; sourceTree = "<group>"; };
		994FA56B2081E24400BA698B /* AnchorViewController.swift */ = {isa = PBXFileReference; lastKnownFileType = sourcecode.swift; path = AnchorViewController.swift; sourceTree = "<group>"; };
		994FA56D2081E30300BA698B /* TTFlowLayout.swift */ = {isa = PBXFileReference; fileEncoding = 4; lastKnownFileType = sourcecode.swift; path = TTFlowLayout.swift; sourceTree = "<group>"; };
		9961D1D82015D05900940CEA /* HomeViewCell.swift */ = {isa = PBXFileReference; lastKnownFileType = sourcecode.swift; path = HomeViewCell.swift; sourceTree = "<group>"; };
		9961D1D92015D05900940CEA /* HomeViewCell.xib */ = {isa = PBXFileReference; lastKnownFileType = file.xib; path = HomeViewCell.xib; sourceTree = "<group>"; };
		99A300081FDFBEC500056385 /* LiveTV.app */ = {isa = PBXFileReference; explicitFileType = wrapper.application; includeInIndex = 0; path = LiveTV.app; sourceTree = BUILT_PRODUCTS_DIR; };
		99A3000B1FDFBEC500056385 /* AppDelegate.swift */ = {isa = PBXFileReference; lastKnownFileType = sourcecode.swift; path = AppDelegate.swift; sourceTree = "<group>"; };
		99A3000D1FDFBEC500056385 /* ViewController.swift */ = {isa = PBXFileReference; lastKnownFileType = sourcecode.swift; path = ViewController.swift; sourceTree = "<group>"; };
		99A300101FDFBEC500056385 /* Base */ = {isa = PBXFileReference; lastKnownFileType = file.storyboard; name = Base; path = Base.lproj/Main.storyboard; sourceTree = "<group>"; };
		99A300121FDFBEC500056385 /* Assets.xcassets */ = {isa = PBXFileReference; lastKnownFileType = folder.assetcatalog; path = Assets.xcassets; sourceTree = "<group>"; };
		99A300151FDFBEC500056385 /* Base */ = {isa = PBXFileReference; lastKnownFileType = file.storyboard; name = Base; path = Base.lproj/LaunchScreen.storyboard; sourceTree = "<group>"; };
		99A300171FDFBEC500056385 /* Info.plist */ = {isa = PBXFileReference; lastKnownFileType = text.plist.xml; path = Info.plist; sourceTree = "<group>"; };
		99A300281FDFC94700056385 /* Home.storyboard */ = {isa = PBXFileReference; lastKnownFileType = file.storyboard; path = Home.storyboard; sourceTree = "<group>"; };
		99A3002A1FDFC9B900056385 /* Rank.storyboard */ = {isa = PBXFileReference; lastKnownFileType = file.storyboard; path = Rank.storyboard; sourceTree = "<group>"; };
		99A3002C1FDFC9F100056385 /* Discover.storyboard */ = {isa = PBXFileReference; lastKnownFileType = file.storyboard; path = Discover.storyboard; sourceTree = "<group>"; };
		99C9404A1FDFD90E001C9781 /* Mine.storyboard */ = {isa = PBXFileReference; fileEncoding = 4; lastKnownFileType = file.storyboard; path = Mine.storyboard; sourceTree = "<group>"; };
		99C9404D1FDFE3C2001C9781 /* UIColor-Extension.swift */ = {isa = PBXFileReference; lastKnownFileType = sourcecode.swift; path = "UIColor-Extension.swift"; sourceTree = "<group>"; };
		99C940501FDFE4FE001C9781 /* MainViewController.swift */ = {isa = PBXFileReference; fileEncoding = 4; lastKnownFileType = sourcecode.swift; path = MainViewController.swift; sourceTree = "<group>"; };
		99C940511FDFE4FE001C9781 /* XWTNavigationController.swift */ = {isa = PBXFileReference; fileEncoding = 4; lastKnownFileType = sourcecode.swift; path = XWTNavigationController.swift; sourceTree = "<group>"; };
		99C940541FDFE6E7001C9781 /* HomeViewController.swift */ = {isa = PBXFileReference; lastKnownFileType = sourcecode.swift; path = HomeViewController.swift; sourceTree = "<group>"; };
/* End PBXFileReference section */

/* Begin PBXFrameworksBuildPhase section */
		99A300051FDFBEC500056385 /* Frameworks */ = {
			isa = PBXFrameworksBuildPhase;
			buildActionMask = 2147483647;
			files = (
			);
			runOnlyForDeploymentPostprocessing = 0;
		};
/* End PBXFrameworksBuildPhase section */

/* Begin PBXGroup section */
		6201EF251FF375DD00B43171 /* View */ = {
			isa = PBXGroup;
			children = (
				99456720207A3C8700780C83 /* TTPageView */,
				9961D1D82015D05900940CEA /* HomeViewCell.swift */,
				9961D1D92015D05900940CEA /* HomeViewCell.xib */,
			);
			path = View;
			sourceTree = "<group>";
		};
		6201EF2F1FF3807700B43171 /* Common */ = {
			isa = PBXGroup;
			children = (
				6201EF301FF3808200B43171 /* const.swift */,
			);
			path = Common;
			sourceTree = "<group>";
		};
		992B325720824E3900C12BE0 /* Resource */ = {
			isa = PBXGroup;
			children = (
				992B325E208254AD00C12BE0 /* types.plist */,
			);
			path = Resource;
			sourceTree = "<group>";
		};
		99456720207A3C8700780C83 /* TTPageView */ = {
			isa = PBXGroup;
			children = (
				994FA56D2081E30300BA698B /* TTFlowLayout.swift */,
				99456721207A3C8700780C83 /* TTPageView.swift */,
				99456722207A3C8700780C83 /* TTContentView.swift */,
				99456723207A3C8700780C83 /* TTTitleStyle.swift */,
				99456724207A3C8700780C83 /* TTTitleView.swift */,
			);
			path = TTPageView;
			sourceTree = "<group>";
		};
		9961D1D2201594DF00940CEA /* Others */ = {
			isa = PBXGroup;
			children = (
			);
			path = Others;
			sourceTree = "<group>";
		};
		9961D1D52015C77600940CEA /* Controllers */ = {
			isa = PBXGroup;
			children = (
				99A300281FDFC94700056385 /* Home.storyboard */,
				99C940541FDFE6E7001C9781 /* HomeViewController.swift */,
				994FA56B2081E24400BA698B /* AnchorViewController.swift */,
			);
			path = Controllers;
			sourceTree = "<group>";
		};
		9961D1DC2015D93C00940CEA /* Models */ = {
			isa = PBXGroup;
			children = (
				992B32602082576F00C12BE0 /* HomeType.swift */,
			);
			path = Models;
			sourceTree = "<group>";
		};
		99A300091FDFBEC500056385 /* Products */ = {
			isa = PBXGroup;
			children = (
				99A300081FDFBEC500056385 /* LiveTV.app */,
			);
			name = Products;
			sourceTree = "<group>";
		};
		99A3000A1FDFBEC500056385 /* LiveTV */ = {
			isa = PBXGroup;
			children = (
				992B325720824E3900C12BE0 /* Resource */,
				99A3001D1FDFBEF100056385 /* Classes */,
				99A3000B1FDFBEC500056385 /* AppDelegate.swift */,
				99A3000D1FDFBEC500056385 /* ViewController.swift */,
				99A3000F1FDFBEC500056385 /* Main.storyboard */,
				99A300121FDFBEC500056385 /* Assets.xcassets */,
				99A300141FDFBEC500056385 /* LaunchScreen.storyboard */,
				99A300171FDFBEC500056385 /* Info.plist */,
			);
			path = LiveTV;
			sourceTree = "<group>";
		};
		99A3001D1FDFBEF100056385 /* Classes */ = {
			isa = PBXGroup;
			children = (
				99A300231FDFBEF100056385 /* Base */,
				99A300211FDFBEF100056385 /* Main */,
				99A3001E1FDFBEF100056385 /* Home */,
				99A300221FDFBEF100056385 /* Rank */,
				99A3001F1FDFBEF100056385 /* Discover */,
				99C940491FDFD90E001C9781 /* Profile */,
			);
			path = Classes;
			sourceTree = "<group>";
		};
		99A3001E1FDFBEF100056385 /* Home */ = {
			isa = PBXGroup;
			children = (
				9961D1DC2015D93C00940CEA /* Models */,
				9961D1D52015C77600940CEA /* Controllers */,
				9961D1D2201594DF00940CEA /* Others */,
				6201EF251FF375DD00B43171 /* View */,
			);
			path = Home;
			sourceTree = "<group>";
		};
		99A3001F1FDFBEF100056385 /* Discover */ = {
			isa = PBXGroup;
			children = (
				99A3002C1FDFC9F100056385 /* Discover.storyboard */,
			);
			path = Discover;
			sourceTree = "<group>";
		};
		99A300211FDFBEF100056385 /* Main */ = {
			isa = PBXGroup;
			children = (
				6201EF2F1FF3807700B43171 /* Common */,
				99C9404F1FDFE4FE001C9781 /* Controllers */,
				99C9404C1FDFE3B4001C9781 /* Extension */,
			);
			path = Main;
			sourceTree = "<group>";
		};
		99A300221FDFBEF100056385 /* Rank */ = {
			isa = PBXGroup;
			children = (
				99A3002A1FDFC9B900056385 /* Rank.storyboard */,
			);
			path = Rank;
			sourceTree = "<group>";
		};
		99A300231FDFBEF100056385 /* Base */ = {
			isa = PBXGroup;
			children = (
				992B325C208251C000C12BE0 /* BaseModel.swift */,
			);
			path = Base;
			sourceTree = "<group>";
		};
		99A3FFFF1FDFBEC500056385 = {
			isa = PBXGroup;
			children = (
				99A3000A1FDFBEC500056385 /* LiveTV */,
				99A300091FDFBEC500056385 /* Products */,
			);
			sourceTree = "<group>";
		};
		99C940491FDFD90E001C9781 /* Profile */ = {
			isa = PBXGroup;
			children = (
				99C9404A1FDFD90E001C9781 /* Mine.storyboard */,
			);
			path = Profile;
			sourceTree = "<group>";
		};
		99C9404C1FDFE3B4001C9781 /* Extension */ = {
			isa = PBXGroup;
			children = (
				99C9404D1FDFE3C2001C9781 /* UIColor-Extension.swift */,
				6201EF2D1FF37B4500B43171 /* UIView-Frame.swift */,
			);
			path = Extension;
			sourceTree = "<group>";
		};
		99C9404F1FDFE4FE001C9781 /* Controllers */ = {
			isa = PBXGroup;
			children = (
				99C940501FDFE4FE001C9781 /* MainViewController.swift */,
				99C940511FDFE4FE001C9781 /* XWTNavigationController.swift */,
			);
			path = Controllers;
			sourceTree = "<group>";
		};
/* End PBXGroup section */

/* Begin PBXNativeTarget section */
		99A300071FDFBEC500056385 /* LiveTV */ = {
			isa = PBXNativeTarget;
			buildConfigurationList = 99A3001A1FDFBEC500056385 /* Build configuration list for PBXNativeTarget "LiveTV" */;
			buildPhases = (
				99A300041FDFBEC500056385 /* Sources */,
				99A300051FDFBEC500056385 /* Frameworks */,
				99A300061FDFBEC500056385 /* Resources */,
			);
			buildRules = (
			);
			dependencies = (
			);
			name = LiveTV;
			productName = LiveTV;
			productReference = 99A300081FDFBEC500056385 /* LiveTV.app */;
			productType = "com.apple.product-type.application";
		};
/* End PBXNativeTarget section */

/* Begin PBXProject section */
		99A300001FDFBEC500056385 /* Project object */ = {
			isa = PBXProject;
			attributes = {
				LastSwiftUpdateCheck = 0920;
				LastUpgradeCheck = 0920;
				ORGANIZATIONNAME = Manon;
				TargetAttributes = {
					99A300071FDFBEC500056385 = {
						CreatedOnToolsVersion = 9.2;
						ProvisioningStyle = Automatic;
					};
				};
			};
			buildConfigurationList = 99A300031FDFBEC500056385 /* Build configuration list for PBXProject "LiveTV" */;
			compatibilityVersion = "Xcode 8.0";
			developmentRegion = en;
			hasScannedForEncodings = 0;
			knownRegions = (
				en,
				Base,
			);
			mainGroup = 99A3FFFF1FDFBEC500056385;
			productRefGroup = 99A300091FDFBEC500056385 /* Products */;
			projectDirPath = "";
			projectRoot = "";
			targets = (
				99A300071FDFBEC500056385 /* LiveTV */,
			);
		};
/* End PBXProject section */

/* Begin PBXResourcesBuildPhase section */
		99A300061FDFBEC500056385 /* Resources */ = {
			isa = PBXResourcesBuildPhase;
			buildActionMask = 2147483647;
			files = (
				99A3002B1FDFC9B900056385 /* Rank.storyboard in Resources */,
				99A300161FDFBEC500056385 /* LaunchScreen.storyboard in Resources */,
				99A300131FDFBEC500056385 /* Assets.xcassets in Resources */,
				992B325F208254AD00C12BE0 /* types.plist in Resources */,
				99A300111FDFBEC500056385 /* Main.storyboard in Resources */,
				99C9404B1FDFD90E001C9781 /* Mine.storyboard in Resources */,
				9961D1DB2015D05900940CEA /* HomeViewCell.xib in Resources */,
				99A300291FDFC94700056385 /* Home.storyboard in Resources */,
				99A3002D1FDFC9F100056385 /* Discover.storyboard in Resources */,
			);
			runOnlyForDeploymentPostprocessing = 0;
		};
/* End PBXResourcesBuildPhase section */

/* Begin PBXSourcesBuildPhase section */
		99A300041FDFBEC500056385 /* Sources */ = {
			isa = PBXSourcesBuildPhase;
			buildActionMask = 2147483647;
			files = (
				99C9404E1FDFE3C2001C9781 /* UIColor-Extension.swift in Sources */,
				99456725207A3C8700780C83 /* TTPageView.swift in Sources */,
				994FA56E2081E30300BA698B /* TTFlowLayout.swift in Sources */,
				99456728207A3C8700780C83 /* TTTitleView.swift in Sources */,
				99C940531FDFE4FE001C9781 /* XWTNavigationController.swift in Sources */,
				99A3000E1FDFBEC500056385 /* ViewController.swift in Sources */,
				99456727207A3C8700780C83 /* TTTitleStyle.swift in Sources */,
				992B32612082576F00C12BE0 /* HomeType.swift in Sources */,
				9961D1DA2015D05900940CEA /* HomeViewCell.swift in Sources */,
				99C940521FDFE4FE001C9781 /* MainViewController.swift in Sources */,
				99A3000C1FDFBEC500056385 /* AppDelegate.swift in Sources */,
				992B325D208251C000C12BE0 /* BaseModel.swift in Sources */,
				99456726207A3C8700780C83 /* TTContentView.swift in Sources */,
				6201EF311FF3808200B43171 /* const.swift in Sources */,
				6201EF2E1FF37B4500B43171 /* UIView-Frame.swift in Sources */,
				99C940551FDFE6E7001C9781 /* HomeViewController.swift in Sources */,
				994FA56C2081E24400BA698B /* AnchorViewController.swift in Sources */,
			);
			runOnlyForDeploymentPostprocessing = 0;
		};
/* End PBXSourcesBuildPhase section */

/* Begin PBXVariantGroup section */
		99A3000F1FDFBEC500056385 /* Main.storyboard */ = {
			isa = PBXVariantGroup;
			children = (
				99A300101FDFBEC500056385 /* Base */,
			);
			name = Main.storyboard;
			sourceTree = "<group>";
		};
		99A300141FDFBEC500056385 /* LaunchScreen.storyboard */ = {
			isa = PBXVariantGroup;
			children = (
				99A300151FDFBEC500056385 /* Base */,
			);
			name = LaunchScreen.storyboard;
			sourceTree = "<group>";
		};
/* End PBXVariantGroup section */

/* Begin XCBuildConfiguration section */
		99A300181FDFBEC500056385 /* Debug */ = {
			isa = XCBuildConfiguration;
			buildSettings = {
				ALWAYS_SEARCH_USER_PATHS = NO;
				CLANG_ANALYZER_NONNULL = YES;
				CLANG_ANALYZER_NUMBER_OBJECT_CONVERSION = YES_AGGRESSIVE;
				CLANG_CXX_LANGUAGE_STANDARD = "gnu++14";
				CLANG_CXX_LIBRARY = "libc++";
				CLANG_ENABLE_MODULES = YES;
				CLANG_ENABLE_OBJC_ARC = YES;
				CLANG_WARN_BLOCK_CAPTURE_AUTORELEASING = YES;
				CLANG_WARN_BOOL_CONVERSION = YES;
				CLANG_WARN_COMMA = YES;
				CLANG_WARN_CONSTANT_CONVERSION = YES;
				CLANG_WARN_DIRECT_OBJC_ISA_USAGE = YES_ERROR;
				CLANG_WARN_DOCUMENTATION_COMMENTS = YES;
				CLANG_WARN_EMPTY_BODY = YES;
				CLANG_WARN_ENUM_CONVERSION = YES;
				CLANG_WARN_INFINITE_RECURSION = YES;
				CLANG_WARN_INT_CONVERSION = YES;
				CLANG_WARN_NON_LITERAL_NULL_CONVERSION = YES;
				CLANG_WARN_OBJC_LITERAL_CONVERSION = YES;
				CLANG_WARN_OBJC_ROOT_CLASS = YES_ERROR;
				CLANG_WARN_RANGE_LOOP_ANALYSIS = YES;
				CLANG_WARN_STRICT_PROTOTYPES = YES;
				CLANG_WARN_SUSPICIOUS_MOVE = YES;
				CLANG_WARN_UNGUARDED_AVAILABILITY = YES_AGGRESSIVE;
				CLANG_WARN_UNREACHABLE_CODE = YES;
				CLANG_WARN__DUPLICATE_METHOD_MATCH = YES;
				CODE_SIGN_IDENTITY = "iPhone Developer";
				COPY_PHASE_STRIP = NO;
				DEBUG_INFORMATION_FORMAT = dwarf;
				ENABLE_STRICT_OBJC_MSGSEND = YES;
				ENABLE_TESTABILITY = YES;
				GCC_C_LANGUAGE_STANDARD = gnu11;
				GCC_DYNAMIC_NO_PIC = NO;
				GCC_NO_COMMON_BLOCKS = YES;
				GCC_OPTIMIZATION_LEVEL = 0;
				GCC_PREPROCESSOR_DEFINITIONS = (
					"DEBUG=1",
					"$(inherited)",
				);
				GCC_WARN_64_TO_32_BIT_CONVERSION = YES;
				GCC_WARN_ABOUT_RETURN_TYPE = YES_ERROR;
				GCC_WARN_UNDECLARED_SELECTOR = YES;
				GCC_WARN_UNINITIALIZED_AUTOS = YES_AGGRESSIVE;
				GCC_WARN_UNUSED_FUNCTION = YES;
				GCC_WARN_UNUSED_VARIABLE = YES;
				IPHONEOS_DEPLOYMENT_TARGET = 11.2;
				MTL_ENABLE_DEBUG_INFO = YES;
				ONLY_ACTIVE_ARCH = YES;
				SDKROOT = iphoneos;
				SWIFT_ACTIVE_COMPILATION_CONDITIONS = DEBUG;
				SWIFT_OPTIMIZATION_LEVEL = "-Onone";
			};
			name = Debug;
		};
		99A300191FDFBEC500056385 /* Release */ = {
			isa = XCBuildConfiguration;
			buildSettings = {
				ALWAYS_SEARCH_USER_PATHS = NO;
				CLANG_ANALYZER_NONNULL = YES;
				CLANG_ANALYZER_NUMBER_OBJECT_CONVERSION = YES_AGGRESSIVE;
				CLANG_CXX_LANGUAGE_STANDARD = "gnu++14";
				CLANG_CXX_LIBRARY = "libc++";
				CLANG_ENABLE_MODULES = YES;
				CLANG_ENABLE_OBJC_ARC = YES;
				CLANG_WARN_BLOCK_CAPTURE_AUTORELEASING = YES;
				CLANG_WARN_BOOL_CONVERSION = YES;
				CLANG_WARN_COMMA = YES;
				CLANG_WARN_CONSTANT_CONVERSION = YES;
				CLANG_WARN_DIRECT_OBJC_ISA_USAGE = YES_ERROR;
				CLANG_WARN_DOCUMENTATION_COMMENTS = YES;
				CLANG_WARN_EMPTY_BODY = YES;
				CLANG_WARN_ENUM_CONVERSION = YES;
				CLANG_WARN_INFINITE_RECURSION = YES;
				CLANG_WARN_INT_CONVERSION = YES;
				CLANG_WARN_NON_LITERAL_NULL_CONVERSION = YES;
				CLANG_WARN_OBJC_LITERAL_CONVERSION = YES;
				CLANG_WARN_OBJC_ROOT_CLASS = YES_ERROR;
				CLANG_WARN_RANGE_LOOP_ANALYSIS = YES;
				CLANG_WARN_STRICT_PROTOTYPES = YES;
				CLANG_WARN_SUSPICIOUS_MOVE = YES;
				CLANG_WARN_UNGUARDED_AVAILABILITY = YES_AGGRESSIVE;
				CLANG_WARN_UNREACHABLE_CODE = YES;
				CLANG_WARN__DUPLICATE_METHOD_MATCH = YES;
				CODE_SIGN_IDENTITY = "iPhone Developer";
				COPY_PHASE_STRIP = NO;
				DEBUG_INFORMATION_FORMAT = "dwarf-with-dsym";
				ENABLE_NS_ASSERTIONS = NO;
				ENABLE_STRICT_OBJC_MSGSEND = YES;
				GCC_C_LANGUAGE_STANDARD = gnu11;
				GCC_NO_COMMON_BLOCKS = YES;
				GCC_WARN_64_TO_32_BIT_CONVERSION = YES;
				GCC_WARN_ABOUT_RETURN_TYPE = YES_ERROR;
				GCC_WARN_UNDECLARED_SELECTOR = YES;
				GCC_WARN_UNINITIALIZED_AUTOS = YES_AGGRESSIVE;
				GCC_WARN_UNUSED_FUNCTION = YES;
				GCC_WARN_UNUSED_VARIABLE = YES;
				IPHONEOS_DEPLOYMENT_TARGET = 11.2;
				MTL_ENABLE_DEBUG_INFO = NO;
				SDKROOT = iphoneos;
				SWIFT_OPTIMIZATION_LEVEL = "-Owholemodule";
				VALIDATE_PRODUCT = YES;
			};
			name = Release;
		};
		99A3001B1FDFBEC500056385 /* Debug */ = {
			isa = XCBuildConfiguration;
			buildSettings = {
				ALWAYS_EMBED_SWIFT_STANDARD_LIBRARIES = YES;
				ASSETCATALOG_COMPILER_APPICON_NAME = AppIcon;
				ASSETCATALOG_COMPILER_LAUNCHIMAGE_NAME = LaunchImage;
				CODE_SIGN_STYLE = Automatic;
				DEVELOPMENT_TEAM = N78KXRM3CL;
				INFOPLIST_FILE = LiveTV/Info.plist;
				IPHONEOS_DEPLOYMENT_TARGET = 9.0;
				LD_RUNPATH_SEARCH_PATHS = "$(inherited) @executable_path/Frameworks";
				PRODUCT_BUNDLE_IDENTIFIER = com.Manon.LiveTV;
				PRODUCT_NAME = "$(TARGET_NAME)";
				SWIFT_VERSION = 4.0;
				TARGETED_DEVICE_FAMILY = "1,2";
			};
			name = Debug;
		};
		99A3001C1FDFBEC500056385 /* Release */ = {
			isa = XCBuildConfiguration;
			buildSettings = {
				ALWAYS_EMBED_SWIFT_STANDARD_LIBRARIES = YES;
				ASSETCATALOG_COMPILER_APPICON_NAME = AppIcon;
				ASSETCATALOG_COMPILER_LAUNCHIMAGE_NAME = LaunchImage;
				CODE_SIGN_STYLE = Automatic;
				DEVELOPMENT_TEAM = N78KXRM3CL;
				INFOPLIST_FILE = LiveTV/Info.plist;
				IPHONEOS_DEPLOYMENT_TARGET = 9.0;
				LD_RUNPATH_SEARCH_PATHS = "$(inherited) @executable_path/Frameworks";
				PRODUCT_BUNDLE_IDENTIFIER = com.Manon.LiveTV;
				PRODUCT_NAME = "$(TARGET_NAME)";
				SWIFT_VERSION = 4.0;
				TARGETED_DEVICE_FAMILY = "1,2";
			};
			name = Release;
		};
/* End XCBuildConfiguration section */

/* Begin XCConfigurationList section */
		99A300031FDFBEC500056385 /* Build configuration list for PBXProject "LiveTV" */ = {
			isa = XCConfigurationList;
			buildConfigurations = (
				99A300181FDFBEC500056385 /* Debug */,
				99A300191FDFBEC500056385 /* Release */,
			);
			defaultConfigurationIsVisible = 0;
			defaultConfigurationName = Release;
		};
		99A3001A1FDFBEC500056385 /* Build configuration list for PBXNativeTarget "LiveTV" */ = {
			isa = XCConfigurationList;
			buildConfigurations = (
				99A3001B1FDFBEC500056385 /* Debug */,
				99A3001C1FDFBEC500056385 /* Release */,
			);
			defaultConfigurationIsVisible = 0;
			defaultConfigurationName = Release;
		};
/* End XCConfigurationList section */
	};
	rootObject = 99A300001FDFBEC500056385 /* Project object */;
}
